
Microsoft Visual Studio Solution File, Format Version 12.00
# Visual Studio Version 17
VisualStudioVersion = 17.14.36623.8
MinimumVisualStudioVersion = 10.0.40219.1
Project("{FAE04EC0-301F-11D3-BF4B-00C04F79EFBC}") = "DependencyInjection", "DependencyInjection\DependencyInjection.csproj", "{CB4313A8-00D2-45DD-9493-47F157D1537F}"
EndProject
Project("{FAE04EC0-301F-11D3-BF4B-00C04F79EFBC}") = "Jwttoken", "Jwttoken\Jwttoken.csproj", "{E7BCDAD7-F58D-42BD-9A8D-2421CC578203}"
EndProject
Project("{FAE04EC0-301F-11D3-BF4B-00C04F79EFBC}") = "BasicHttpAuthentication", "BasicHttpAuthentication\BasicHttpAuthentication.csproj", "{FEB4C89B-977D-4475-B203-24CE2B5325F2}"
EndProject
Project("{FAE04EC0-301F-11D3-BF4B-00C04F79EFBC}") = "ILoggerConsole", "ILoggerConsole\ILoggerConsole.csproj", "{3C626F38-1EB1-434A-ADDB-D9C69B055476}"
EndProject
Project("{FAE04EC0-301F-11D3-BF4B-00C04F79EFBC}") = "SimpleMinimalApi", "SimpleMinimalApi\SimpleMinimalApi.csproj", "{797BAC0B-7402-612D-0E86-A59FDF75B307}"
EndProject
Project("{FAE04EC0-301F-11D3-BF4B-00C04F79EFBC}") = "ILoggerMinimalApi", "ILoggerMinimalApi\ILoggerMinimalApi.csproj", "{5A41EBD7-C2FF-3620-9337-F8902A6453F8}"
EndProject
Global
	GlobalSection(SolutionConfigurationPlatforms) = preSolution
		Debug|Any CPU = Debug|Any CPU
		Release|Any CPU = Release|Any CPU
	EndGlobalSection
	GlobalSection(ProjectConfigurationPlatforms) = postSolution
		{CB4313A8-00D2-45DD-9493-47F157D1537F}.Debug|Any CPU.ActiveCfg = Debug|Any CPU
		{CB4313A8-00D2-45DD-9493-47F157D1537F}.Debug|Any CPU.Build.0 = Debug|Any CPU
		{CB4313A8-00D2-45DD-9493-47F157D1537F}.Release|Any CPU.ActiveCfg = Release|Any CPU
		{CB4313A8-00D2-45DD-9493-47F157D1537F}.Release|Any CPU.Build.0 = Release|Any CPU
		{E7BCDAD7-F58D-42BD-9A8D-2421CC578203}.Debug|Any CPU.ActiveCfg = Debug|Any CPU
		{E7BCDAD7-F58D-42BD-9A8D-2421CC578203}.Debug|Any CPU.Build.0 = Debug|Any CPU
		{E7BCDAD7-F58D-42BD-9A8D-2421CC578203}.Release|Any CPU.ActiveCfg = Release|Any CPU
		{E7BCDAD7-F58D-42BD-9A8D-2421CC578203}.Release|Any CPU.Build.0 = Release|Any CPU
		{FEB4C89B-977D-4475-B203-24CE2B5325F2}.Debug|Any CPU.ActiveCfg = Debug|Any CPU
		{FEB4C89B-977D-4475-B203-24CE2B5325F2}.Debug|Any CPU.Build.0 = Debug|Any CPU
		{FEB4C89B-977D-4475-B203-24CE2B5325F2}.Release|Any CPU.ActiveCfg = Release|Any CPU
		{FEB4C89B-977D-4475-B203-24CE2B5325F2}.Release|Any CPU.Build.0 = Release|Any CPU
		{3C626F38-1EB1-434A-ADDB-D9C69B055476}.Debug|Any CPU.ActiveCfg = Debug|Any CPU
		{3C626F38-1EB1-434A-ADDB-D9C69B055476}.Debug|Any CPU.Build.0 = Debug|Any CPU
		{3C626F38-1EB1-434A-ADDB-D9C69B055476}.Release|Any CPU.ActiveCfg = Release|Any CPU
		{3C626F38-1EB1-434A-ADDB-D9C69B055476}.Release|Any CPU.Build.0 = Release|Any CPU
		{797BAC0B-7402-612D-0E86-A59FDF75B307}.Debug|Any CPU.ActiveCfg = Debug|Any CPU
		{797BAC0B-7402-612D-0E86-A59FDF75B307}.Debug|Any CPU.Build.0 = Debug|Any CPU
		{797BAC0B-7402-612D-0E86-A59FDF75B307}.Release|Any CPU.ActiveCfg = Release|Any CPU
		{797BAC0B-7402-612D-0E86-A59FDF75B307}.Release|Any CPU.Build.0 = Release|Any CPU
		{5A41EBD7-C2FF-3620-9337-F8902A6453F8}.Debug|Any CPU.ActiveCfg = Debug|Any CPU
		{5A41EBD7-C2FF-3620-9337-F8902A6453F8}.Debug|Any CPU.Build.0 = Debug|Any CPU
		{5A41EBD7-C2FF-3620-9337-F8902A6453F8}.Release|Any CPU.ActiveCfg = Release|Any CPU
		{5A41EBD7-C2FF-3620-9337-F8902A6453F8}.Release|Any CPU.Build.0 = Release|Any CPU
	EndGlobalSection
	GlobalSection(SolutionProperties) = preSolution
		HideSolutionNode = FALSE
	EndGlobalSection
	GlobalSection(ExtensibilityGlobals) = postSolution
		SolutionGuid = {1997626A-8592-4A29-A897-21317C718031}
	EndGlobalSection
EndGlobal
